
Microsoft Visual Studio Solution File, Format Version 12.00
# Visual Studio Version 17
VisualStudioVersion = 17.8.34322.80
MinimumVisualStudioVersion = 10.0.40219.1
Project("{FAE04EC0-301F-11D3-BF4B-00C04F79EFBC}") = "App", "App\App.csproj", "{EEF468F5-32F7-41BA-9DD0-B75E187D632E}"
EndProject
Global
	GlobalSection(SolutionConfigurationPlatforms) = preSolution
		Debug|Any CPU = Debug|Any CPU
		Release|Any CPU = Release|Any CPU
	EndGlobalSection
	GlobalSection(ProjectConfigurationPlatforms) = postSolution
		{EEF468F5-32F7-41BA-9DD0-B75E187D632E}.Debug|Any CPU.ActiveCfg = Debug|Any CPU
		{EEF468F5-32F7-41BA-9DD0-B75E187D632E}.Debug|Any CPU.Build.0 = Debug|Any CPU
		{EEF468F5-32F7-41BA-9DD0-B75E187D632E}.Release|Any CPU.ActiveCfg = Release|Any CPU
		{EEF468F5-32F7-41BA-9DD0-B75E187D632E}.Release|Any CPU.Build.0 = Release|Any CPU
	EndGlobalSection
	GlobalSection(SolutionProperties) = preSolution
		HideSolutionNode = FALSE
	EndGlobalSection
	GlobalSection(ExtensibilityGlobals) = postSolution
		SolutionGuid = {80D3B070-3B79-4BAF-811C-431A523B9B20}
	EndGlobalSection
EndGlobal
